// !$*UTF8*$!
{
	archiveVersion = 1;
	classes = {
	};
	objectVersion = 48;
	objects = {

/* Begin PBXBuildFile section */
		770DAFE22073B6F500F0EAAB /* DeviceInfos.m in Sources */ = {isa = PBXBuildFile; fileRef = 770DAFE12073B6F500F0EAAB /* DeviceInfos.m */; };
		77645C542065547300AB9E6D /* NSDictionary+NilSafe.m in Sources */ = {isa = PBXBuildFile; fileRef = 77645C532065547300AB9E6D /* NSDictionary+NilSafe.m */; };
		777483C0206A905B008B11FA /* GYHttpMock.podspec in Resources */ = {isa = PBXBuildFile; fileRef = 777483A2206A905B008B11FA /* GYHttpMock.podspec */; };
		777483C1206A905B008B11FA /* GYMockResponseDSL.m in Sources */ = {isa = PBXBuildFile; fileRef = 777483A4206A905B008B11FA /* GYMockResponseDSL.m */; };
		777483C2206A905B008B11FA /* GYMockResponse.m in Sources */ = {isa = PBXBuildFile; fileRef = 777483A5206A905B008B11FA /* GYMockResponse.m */; };
		777483C3206A905B008B11FA /* LICENSE in Resources */ = {isa = PBXBuildFile; fileRef = 777483A8206A905B008B11FA /* LICENSE */; };
		777483C4206A905B008B11FA /* GYHttpMock.m in Sources */ = {isa = PBXBuildFile; fileRef = 777483AA206A905B008B11FA /* GYHttpMock.m */; };
		777483C5206A905B008B11FA /* README.md in Resources */ = {isa = PBXBuildFile; fileRef = 777483AB206A905B008B11FA /* README.md */; };
		777483C6206A905B008B11FA /* GYMockURLProtocol.m in Sources */ = {isa = PBXBuildFile; fileRef = 777483AC206A905B008B11FA /* GYMockURLProtocol.m */; };
		777483C7206A905B008B11FA /* GYNSURLSessionHook.m in Sources */ = {isa = PBXBuildFile; fileRef = 777483AE206A905B008B11FA /* GYNSURLSessionHook.m */; };
		777483C8206A905B008B11FA /* GYNSURLConnectionHook.m in Sources */ = {isa = PBXBuildFile; fileRef = 777483B2206A905B008B11FA /* GYNSURLConnectionHook.m */; };
		777483C9206A905B008B11FA /* GYHttpClientHook.m in Sources */ = {isa = PBXBuildFile; fileRef = 777483B3206A905B008B11FA /* GYHttpClientHook.m */; };
		777483CA206A905B008B11FA /* GYMatcher.m in Sources */ = {isa = PBXBuildFile; fileRef = 777483B4206A905B008B11FA /* GYMatcher.m */; };
		777483CB206A905B008B11FA /* GYMockRequestDSL.m in Sources */ = {isa = PBXBuildFile; fileRef = 777483B6206A905B008B11FA /* GYMockRequestDSL.m */; };
		777483CC206A905B008B11FA /* GYMockRequest.m in Sources */ = {isa = PBXBuildFile; fileRef = 777483B7206A905B008B11FA /* GYMockRequest.m */; };
		777483CD206A905B008B11FA /* NSURLRequest+GYURLRequestProtocol.m in Sources */ = {isa = PBXBuildFile; fileRef = 777483BD206A905B008B11FA /* NSURLRequest+GYURLRequestProtocol.m */; };
		777483CE206A905B008B11FA /* NSString+mock.m in Sources */ = {isa = PBXBuildFile; fileRef = 777483BE206A905B008B11FA /* NSString+mock.m */; };
		77D860682067CCA6005589EE /* ZFullViewController.m in Sources */ = {isa = PBXBuildFile; fileRef = 77D860672067CCA6005589EE /* ZFullViewController.m */; };
		77D8606B2067D17D005589EE /* ZNavigationController.m in Sources */ = {isa = PBXBuildFile; fileRef = 77D8606A2067D17D005589EE /* ZNavigationController.m */; };
		7D488C236D55E34456BA82F6 /* libPods-TopController.a in Frameworks */ = {isa = PBXBuildFile; fileRef = E4D7EF501B2BE00B6EA5CE60 /* libPods-TopController.a */; };
		CE800736201AFA01000088CC /* AppDelegate.m in Sources */ = {isa = PBXBuildFile; fileRef = CE800735201AFA01000088CC /* AppDelegate.m */; };
		CE800739201AFA01000088CC /* ViewController.m in Sources */ = {isa = PBXBuildFile; fileRef = CE800738201AFA01000088CC /* ViewController.m */; };
		CE80073C201AFA01000088CC /* Main.storyboard in Resources */ = {isa = PBXBuildFile; fileRef = CE80073A201AFA01000088CC /* Main.storyboard */; };
		CE80073E201AFA01000088CC /* Assets.xcassets in Resources */ = {isa = PBXBuildFile; fileRef = CE80073D201AFA01000088CC /* Assets.xcassets */; };
		CE800741201AFA01000088CC /* LaunchScreen.storyboard in Resources */ = {isa = PBXBuildFile; fileRef = CE80073F201AFA01000088CC /* LaunchScreen.storyboard */; };
		CE800744201AFA01000088CC /* main.m in Sources */ = {isa = PBXBuildFile; fileRef = CE800743201AFA01000088CC /* main.m */; };
		CEE66BB72062007E00CC761C /* NSArray+ConvertToJson.m in Sources */ = {isa = PBXBuildFile; fileRef = CEE66BB62062007E00CC761C /* NSArray+ConvertToJson.m */; };
		CEE66BBA2062057B00CC761C /* NSDictionary+ConvertToString.m in Sources */ = {isa = PBXBuildFile; fileRef = CEE66BB92062057B00CC761C /* NSDictionary+ConvertToString.m */; };
		CEE66BBD206208E300CC761C /* NSString+ConvertToJson.m in Sources */ = {isa = PBXBuildFile; fileRef = CEE66BBC206208E300CC761C /* NSString+ConvertToJson.m */; };
/* End PBXBuildFile section */

/* Begin PBXFileReference section */
		770DAFE02073B6F500F0EAAB /* DeviceInfos.h */ = {isa = PBXFileReference; lastKnownFileType = sourcecode.c.h; path = DeviceInfos.h; sourceTree = "<group>"; };
		770DAFE12073B6F500F0EAAB /* DeviceInfos.m */ = {isa = PBXFileReference; lastKnownFileType = sourcecode.c.objc; path = DeviceInfos.m; sourceTree = "<group>"; };
		77645C522065547300AB9E6D /* NSDictionary+NilSafe.h */ = {isa = PBXFileReference; lastKnownFileType = sourcecode.c.h; path = "NSDictionary+NilSafe.h"; sourceTree = "<group>"; };
		77645C532065547300AB9E6D /* NSDictionary+NilSafe.m */ = {isa = PBXFileReference; lastKnownFileType = sourcecode.c.objc; path = "NSDictionary+NilSafe.m"; sourceTree = "<group>"; };
		777483A1206A905B008B11FA /* GYMockURLProtocol.h */ = {isa = PBXFileReference; fileEncoding = 4; lastKnownFileType = sourcecode.c.h; path = GYMockURLProtocol.h; sourceTree = "<group>"; };
		777483A2206A905B008B11FA /* GYHttpMock.podspec */ = {isa = PBXFileReference; fileEncoding = 4; lastKnownFileType = text; path = GYHttpMock.podspec; sourceTree = "<group>"; };
		777483A4206A905B008B11FA /* GYMockResponseDSL.m */ = {isa = PBXFileReference; fileEncoding = 4; lastKnownFileType = sourcecode.c.objc; path = GYMockResponseDSL.m; sourceTree = "<group>"; };
		777483A5206A905B008B11FA /* GYMockResponse.m */ = {isa = PBXFileReference; fileEncoding = 4; lastKnownFileType = sourcecode.c.objc; path = GYMockResponse.m; sourceTree = "<group>"; };
		777483A6206A905B008B11FA /* GYMockResponseDSL.h */ = {isa = PBXFileReference; fileEncoding = 4; lastKnownFileType = sourcecode.c.h; path = GYMockResponseDSL.h; sourceTree = "<group>"; };
		777483A7206A905B008B11FA /* GYMockResponse.h */ = {isa = PBXFileReference; fileEncoding = 4; lastKnownFileType = sourcecode.c.h; path = GYMockResponse.h; sourceTree = "<group>"; };
		777483A8206A905B008B11FA /* LICENSE */ = {isa = PBXFileReference; fileEncoding = 4; lastKnownFileType = text; path = LICENSE; sourceTree = "<group>"; };
		777483A9206A905B008B11FA /* GYMatcher.h */ = {isa = PBXFileReference; fileEncoding = 4; lastKnownFileType = sourcecode.c.h; path = GYMatcher.h; sourceTree = "<group>"; };
		777483AA206A905B008B11FA /* GYHttpMock.m */ = {isa = PBXFileReference; fileEncoding = 4; lastKnownFileType = sourcecode.c.objc; path = GYHttpMock.m; sourceTree = "<group>"; };
		777483AB206A905B008B11FA /* README.md */ = {isa = PBXFileReference; fileEncoding = 4; lastKnownFileType = net.daringfireball.markdown; path = README.md; sourceTree = "<group>"; };
		777483AC206A905B008B11FA /* GYMockURLProtocol.m */ = {isa = PBXFileReference; fileEncoding = 4; lastKnownFileType = sourcecode.c.objc; path = GYMockURLProtocol.m; sourceTree = "<group>"; };
		777483AE206A905B008B11FA /* GYNSURLSessionHook.m */ = {isa = PBXFileReference; fileEncoding = 4; lastKnownFileType = sourcecode.c.objc; path = GYNSURLSessionHook.m; sourceTree = "<group>"; };
		777483AF206A905B008B11FA /* GYNSURLConnectionHook.h */ = {isa = PBXFileReference; fileEncoding = 4; lastKnownFileType = sourcecode.c.h; path = GYNSURLConnectionHook.h; sourceTree = "<group>"; };
		777483B0206A905B008B11FA /* GYHttpClientHook.h */ = {isa = PBXFileReference; fileEncoding = 4; lastKnownFileType = sourcecode.c.h; path = GYHttpClientHook.h; sourceTree = "<group>"; };
		777483B1206A905B008B11FA /* GYNSURLSessionHook.h */ = {isa = PBXFileReference; fileEncoding = 4; lastKnownFileType = sourcecode.c.h; path = GYNSURLSessionHook.h; sourceTree = "<group>"; };
		777483B2206A905B008B11FA /* GYNSURLConnectionHook.m */ = {isa = PBXFileReference; fileEncoding = 4; lastKnownFileType = sourcecode.c.objc; path = GYNSURLConnectionHook.m; sourceTree = "<group>"; };
		777483B3206A905B008B11FA /* GYHttpClientHook.m */ = {isa = PBXFileReference; fileEncoding = 4; lastKnownFileType = sourcecode.c.objc; path = GYHttpClientHook.m; sourceTree = "<group>"; };
		777483B4206A905B008B11FA /* GYMatcher.m */ = {isa = PBXFileReference; fileEncoding = 4; lastKnownFileType = sourcecode.c.objc; path = GYMatcher.m; sourceTree = "<group>"; };
		777483B6206A905B008B11FA /* GYMockRequestDSL.m */ = {isa = PBXFileReference; fileEncoding = 4; lastKnownFileType = sourcecode.c.objc; path = GYMockRequestDSL.m; sourceTree = "<group>"; };
		777483B7206A905B008B11FA /* GYMockRequest.m */ = {isa = PBXFileReference; fileEncoding = 4; lastKnownFileType = sourcecode.c.objc; path = GYMockRequest.m; sourceTree = "<group>"; };
		777483B8206A905B008B11FA /* GYMockRequestDSL.h */ = {isa = PBXFileReference; fileEncoding = 4; lastKnownFileType = sourcecode.c.h; path = GYMockRequestDSL.h; sourceTree = "<group>"; };
		777483B9206A905B008B11FA /* GYMockRequest.h */ = {isa = PBXFileReference; fileEncoding = 4; lastKnownFileType = sourcecode.c.h; path = GYMockRequest.h; sourceTree = "<group>"; };
		777483BA206A905B008B11FA /* GYHttpMock.h */ = {isa = PBXFileReference; fileEncoding = 4; lastKnownFileType = sourcecode.c.h; path = GYHttpMock.h; sourceTree = "<group>"; };
		777483BC206A905B008B11FA /* NSString+mock.h */ = {isa = PBXFileReference; fileEncoding = 4; lastKnownFileType = sourcecode.c.h; path = "NSString+mock.h"; sourceTree = "<group>"; };
		777483BD206A905B008B11FA /* NSURLRequest+GYURLRequestProtocol.m */ = {isa = PBXFileReference; fileEncoding = 4; lastKnownFileType = sourcecode.c.objc; path = "NSURLRequest+GYURLRequestProtocol.m"; sourceTree = "<group>"; };
		777483BE206A905B008B11FA /* NSString+mock.m */ = {isa = PBXFileReference; fileEncoding = 4; lastKnownFileType = sourcecode.c.objc; path = "NSString+mock.m"; sourceTree = "<group>"; };
		777483BF206A905B008B11FA /* NSURLRequest+GYURLRequestProtocol.h */ = {isa = PBXFileReference; fileEncoding = 4; lastKnownFileType = sourcecode.c.h; path = "NSURLRequest+GYURLRequestProtocol.h"; sourceTree = "<group>"; };
		77D860662067CCA6005589EE /* ZFullViewController.h */ = {isa = PBXFileReference; lastKnownFileType = sourcecode.c.h; path = ZFullViewController.h; sourceTree = "<group>"; };
		77D860672067CCA6005589EE /* ZFullViewController.m */ = {isa = PBXFileReference; lastKnownFileType = sourcecode.c.objc; path = ZFullViewController.m; sourceTree = "<group>"; };
		77D860692067D17D005589EE /* ZNavigationController.h */ = {isa = PBXFileReference; lastKnownFileType = sourcecode.c.h; path = ZNavigationController.h; sourceTree = "<group>"; };
		77D8606A2067D17D005589EE /* ZNavigationController.m */ = {isa = PBXFileReference; lastKnownFileType = sourcecode.c.objc; path = ZNavigationController.m; sourceTree = "<group>"; };
		B108BD2D558DFE4FE00AFFAE /* Pods-TopController.debug.xcconfig */ = {isa = PBXFileReference; includeInIndex = 1; lastKnownFileType = text.xcconfig; name = "Pods-TopController.debug.xcconfig"; path = "Pods/Target Support Files/Pods-TopController/Pods-TopController.debug.xcconfig"; sourceTree = "<group>"; };
		CE661A01CEE353B247A5BF22 /* Pods-TopController.release.xcconfig */ = {isa = PBXFileReference; includeInIndex = 1; lastKnownFileType = text.xcconfig; name = "Pods-TopController.release.xcconfig"; path = "Pods/Target Support Files/Pods-TopController/Pods-TopController.release.xcconfig"; sourceTree = "<group>"; };
		CE800731201AFA00000088CC /* TopController.app */ = {isa = PBXFileReference; explicitFileType = wrapper.application; includeInIndex = 0; path = TopController.app; sourceTree = BUILT_PRODUCTS_DIR; };
		CE800734201AFA00000088CC /* AppDelegate.h */ = {isa = PBXFileReference; lastKnownFileType = sourcecode.c.h; path = AppDelegate.h; sourceTree = "<group>"; };
		CE800735201AFA01000088CC /* AppDelegate.m */ = {isa = PBXFileReference; lastKnownFileType = sourcecode.c.objc; path = AppDelegate.m; sourceTree = "<group>"; };
		CE800737201AFA01000088CC /* ViewController.h */ = {isa = PBXFileReference; lastKnownFileType = sourcecode.c.h; path = ViewController.h; sourceTree = "<group>"; };
		CE800738201AFA01000088CC /* ViewController.m */ = {isa = PBXFileReference; lastKnownFileType = sourcecode.c.objc; path = ViewController.m; sourceTree = "<group>"; };
		CE80073B201AFA01000088CC /* Base */ = {isa = PBXFileReference; lastKnownFileType = file.storyboard; name = Base; path = Base.lproj/Main.storyboard; sourceTree = "<group>"; };
		CE80073D201AFA01000088CC /* Assets.xcassets */ = {isa = PBXFileReference; lastKnownFileType = folder.assetcatalog; path = Assets.xcassets; sourceTree = "<group>"; };
		CE800740201AFA01000088CC /* Base */ = {isa = PBXFileReference; lastKnownFileType = file.storyboard; name = Base; path = Base.lproj/LaunchScreen.storyboard; sourceTree = "<group>"; };
		CE800742201AFA01000088CC /* Info.plist */ = {isa = PBXFileReference; lastKnownFileType = text.plist.xml; path = Info.plist; sourceTree = "<group>"; };
		CE800743201AFA01000088CC /* main.m */ = {isa = PBXFileReference; lastKnownFileType = sourcecode.c.objc; path = main.m; sourceTree = "<group>"; };
		CEE66BB52062007E00CC761C /* NSArray+ConvertToJson.h */ = {isa = PBXFileReference; lastKnownFileType = sourcecode.c.h; path = "NSArray+ConvertToJson.h"; sourceTree = "<group>"; };
		CEE66BB62062007E00CC761C /* NSArray+ConvertToJson.m */ = {isa = PBXFileReference; lastKnownFileType = sourcecode.c.objc; path = "NSArray+ConvertToJson.m"; sourceTree = "<group>"; };
		CEE66BB82062057B00CC761C /* NSDictionary+ConvertToString.h */ = {isa = PBXFileReference; lastKnownFileType = sourcecode.c.h; path = "NSDictionary+ConvertToString.h"; sourceTree = "<group>"; };
		CEE66BB92062057B00CC761C /* NSDictionary+ConvertToString.m */ = {isa = PBXFileReference; lastKnownFileType = sourcecode.c.objc; path = "NSDictionary+ConvertToString.m"; sourceTree = "<group>"; };
		CEE66BBB206208E300CC761C /* NSString+ConvertToJson.h */ = {isa = PBXFileReference; lastKnownFileType = sourcecode.c.h; path = "NSString+ConvertToJson.h"; sourceTree = "<group>"; };
		CEE66BBC206208E300CC761C /* NSString+ConvertToJson.m */ = {isa = PBXFileReference; lastKnownFileType = sourcecode.c.objc; path = "NSString+ConvertToJson.m"; sourceTree = "<group>"; };
		E4D7EF501B2BE00B6EA5CE60 /* libPods-TopController.a */ = {isa = PBXFileReference; explicitFileType = archive.ar; includeInIndex = 0; path = "libPods-TopController.a"; sourceTree = BUILT_PRODUCTS_DIR; };
/* End PBXFileReference section */

/* Begin PBXFrameworksBuildPhase section */
		CE80072E201AFA00000088CC /* Frameworks */ = {
			isa = PBXFrameworksBuildPhase;
			buildActionMask = 2147483647;
			files = (
				7D488C236D55E34456BA82F6 /* libPods-TopController.a in Frameworks */,
			);
			runOnlyForDeploymentPostprocessing = 0;
		};
/* End PBXFrameworksBuildPhase section */

/* Begin PBXGroup section */
		34E84BE31171992DA8411FD4 /* Pods */ = {
			isa = PBXGroup;
			children = (
				B108BD2D558DFE4FE00AFFAE /* Pods-TopController.debug.xcconfig */,
				CE661A01CEE353B247A5BF22 /* Pods-TopController.release.xcconfig */,
			);
			name = Pods;
			sourceTree = "<group>";
		};
		777483A0206A905B008B11FA /* GYHttpMock-master */ = {
			isa = PBXGroup;
			children = (
				777483A1206A905B008B11FA /* GYMockURLProtocol.h */,
				777483A2206A905B008B11FA /* GYHttpMock.podspec */,
				777483A3206A905B008B11FA /* Response */,
				777483A8206A905B008B11FA /* LICENSE */,
				777483A9206A905B008B11FA /* GYMatcher.h */,
				777483AA206A905B008B11FA /* GYHttpMock.m */,
				777483AB206A905B008B11FA /* README.md */,
				777483AC206A905B008B11FA /* GYMockURLProtocol.m */,
				777483AD206A905B008B11FA /* Hooks */,
				777483B4206A905B008B11FA /* GYMatcher.m */,
				777483B5206A905B008B11FA /* Request */,
				777483BA206A905B008B11FA /* GYHttpMock.h */,
				777483BB206A905B008B11FA /* Categories */,
			);
			path = "GYHttpMock-master";
			sourceTree = "<group>";
		};
		777483A3206A905B008B11FA /* Response */ = {
			isa = PBXGroup;
			children = (
				777483A4206A905B008B11FA /* GYMockResponseDSL.m */,
				777483A5206A905B008B11FA /* GYMockResponse.m */,
				777483A6206A905B008B11FA /* GYMockResponseDSL.h */,
				777483A7206A905B008B11FA /* GYMockResponse.h */,
			);
			path = Response;
			sourceTree = "<group>";
		};
		777483AD206A905B008B11FA /* Hooks */ = {
			isa = PBXGroup;
			children = (
				777483AE206A905B008B11FA /* GYNSURLSessionHook.m */,
				777483AF206A905B008B11FA /* GYNSURLConnectionHook.h */,
				777483B0206A905B008B11FA /* GYHttpClientHook.h */,
				777483B1206A905B008B11FA /* GYNSURLSessionHook.h */,
				777483B2206A905B008B11FA /* GYNSURLConnectionHook.m */,
				777483B3206A905B008B11FA /* GYHttpClientHook.m */,
			);
			path = Hooks;
			sourceTree = "<group>";
		};
		777483B5206A905B008B11FA /* Request */ = {
			isa = PBXGroup;
			children = (
				777483B6206A905B008B11FA /* GYMockRequestDSL.m */,
				777483B7206A905B008B11FA /* GYMockRequest.m */,
				777483B8206A905B008B11FA /* GYMockRequestDSL.h */,
				777483B9206A905B008B11FA /* GYMockRequest.h */,
			);
			path = Request;
			sourceTree = "<group>";
		};
		777483BB206A905B008B11FA /* Categories */ = {
			isa = PBXGroup;
			children = (
				777483BC206A905B008B11FA /* NSString+mock.h */,
				777483BD206A905B008B11FA /* NSURLRequest+GYURLRequestProtocol.m */,
				777483BE206A905B008B11FA /* NSString+mock.m */,
				777483BF206A905B008B11FA /* NSURLRequest+GYURLRequestProtocol.h */,
			);
			path = Categories;
			sourceTree = "<group>";
		};
		8CF3F71D0558428AB12752C1 /* Frameworks */ = {
			isa = PBXGroup;
			children = (
				E4D7EF501B2BE00B6EA5CE60 /* libPods-TopController.a */,
			);
			name = Frameworks;
			sourceTree = "<group>";
		};
		CE800728201AFA00000088CC = {
			isa = PBXGroup;
			children = (
				CE800733201AFA00000088CC /* TopController */,
				CE800732201AFA00000088CC /* Products */,
				34E84BE31171992DA8411FD4 /* Pods */,
				8CF3F71D0558428AB12752C1 /* Frameworks */,
			);
			sourceTree = "<group>";
		};
		CE800732201AFA00000088CC /* Products */ = {
			isa = PBXGroup;
			children = (
				CE800731201AFA00000088CC /* TopController.app */,
			);
			name = Products;
			sourceTree = "<group>";
		};
		CE800733201AFA00000088CC /* TopController */ = {
			isa = PBXGroup;
			children = (
				777483A0206A905B008B11FA /* GYHttpMock-master */,
				CEE66BB42062004600CC761C /* ZUtils */,
				CE800734201AFA00000088CC /* AppDelegate.h */,
				CE800735201AFA01000088CC /* AppDelegate.m */,
				CE800737201AFA01000088CC /* ViewController.h */,
				CE800738201AFA01000088CC /* ViewController.m */,
				77D860662067CCA6005589EE /* ZFullViewController.h */,
				77D860672067CCA6005589EE /* ZFullViewController.m */,
				77D860692067D17D005589EE /* ZNavigationController.h */,
				77D8606A2067D17D005589EE /* ZNavigationController.m */,
				CE80073A201AFA01000088CC /* Main.storyboard */,
				CE80073D201AFA01000088CC /* Assets.xcassets */,
				CE80073F201AFA01000088CC /* LaunchScreen.storyboard */,
				CE800742201AFA01000088CC /* Info.plist */,
				CE800743201AFA01000088CC /* main.m */,
			);
			path = TopController;
			sourceTree = "<group>";
		};
		CEE66BB42062004600CC761C /* ZUtils */ = {
			isa = PBXGroup;
			children = (
				770DAFE02073B6F500F0EAAB /* DeviceInfos.h */,
				770DAFE12073B6F500F0EAAB /* DeviceInfos.m */,
				CEE66BB52062007E00CC761C /* NSArray+ConvertToJson.h */,
				CEE66BB62062007E00CC761C /* NSArray+ConvertToJson.m */,
				CEE66BB82062057B00CC761C /* NSDictionary+ConvertToString.h */,
				CEE66BB92062057B00CC761C /* NSDictionary+ConvertToString.m */,
				CEE66BBB206208E300CC761C /* NSString+ConvertToJson.h */,
				CEE66BBC206208E300CC761C /* NSString+ConvertToJson.m */,
				77645C522065547300AB9E6D /* NSDictionary+NilSafe.h */,
				77645C532065547300AB9E6D /* NSDictionary+NilSafe.m */,
			);
			path = ZUtils;
			sourceTree = "<group>";
		};
/* End PBXGroup section */

/* Begin PBXNativeTarget section */
		CE800730201AFA00000088CC /* TopController */ = {
			isa = PBXNativeTarget;
			buildConfigurationList = CE800747201AFA01000088CC /* Build configuration list for PBXNativeTarget "TopController" */;
			buildPhases = (
				67AF61F952B72ED79EEA8EA0 /* [CP] Check Pods Manifest.lock */,
				CE80072D201AFA00000088CC /* Sources */,
				CE80072E201AFA00000088CC /* Frameworks */,
				CE80072F201AFA00000088CC /* Resources */,
				8FE4DA402E9F9BC49D438495 /* [CP] Embed Pods Frameworks */,
				62051A03901957397C5C5026 /* [CP] Copy Pods Resources */,
			);
			buildRules = (
			);
			dependencies = (
			);
			name = TopController;
			productName = TopController;
			productReference = CE800731201AFA00000088CC /* TopController.app */;
			productType = "com.apple.product-type.application";
		};
/* End PBXNativeTarget section */

/* Begin PBXProject section */
		CE800729201AFA00000088CC /* Project object */ = {
			isa = PBXProject;
			attributes = {
				LastUpgradeCheck = 0920;
				ORGANIZATIONNAME = user;
				TargetAttributes = {
					CE800730201AFA00000088CC = {
						CreatedOnToolsVersion = 9.2;
						ProvisioningStyle = Automatic;
					};
				};
			};
			buildConfigurationList = CE80072C201AFA00000088CC /* Build configuration list for PBXProject "TopController" */;
			compatibilityVersion = "Xcode 8.0";
			developmentRegion = en;
			hasScannedForEncodings = 0;
			knownRegions = (
				en,
				Base,
			);
			mainGroup = CE800728201AFA00000088CC;
			productRefGroup = CE800732201AFA00000088CC /* Products */;
			projectDirPath = "";
			projectRoot = "";
			targets = (
				CE800730201AFA00000088CC /* TopController */,
			);
		};
/* End PBXProject section */

/* Begin PBXResourcesBuildPhase section */
		CE80072F201AFA00000088CC /* Resources */ = {
			isa = PBXResourcesBuildPhase;
			buildActionMask = 2147483647;
			files = (
				777483C5206A905B008B11FA /* README.md in Resources */,
				777483C0206A905B008B11FA /* GYHttpMock.podspec in Resources */,
				CE800741201AFA01000088CC /* LaunchScreen.storyboard in Resources */,
				CE80073E201AFA01000088CC /* Assets.xcassets in Resources */,
				CE80073C201AFA01000088CC /* Main.storyboard in Resources */,
				777483C3206A905B008B11FA /* LICENSE in Resources */,
			);
			runOnlyForDeploymentPostprocessing = 0;
		};
/* End PBXResourcesBuildPhase section */

/* Begin PBXShellScriptBuildPhase section */
		62051A03901957397C5C5026 /* [CP] Copy Pods Resources */ = {
			isa = PBXShellScriptBuildPhase;
			buildActionMask = 2147483647;
			files = (
			);
			inputPaths = (
			);
			name = "[CP] Copy Pods Resources";
			outputPaths = (
			);
			runOnlyForDeploymentPostprocessing = 0;
			shellPath = /bin/sh;
			shellScript = "\"${SRCROOT}/Pods/Target Support Files/Pods-TopController/Pods-TopController-resources.sh\"\n";
			showEnvVarsInLog = 0;
		};
		67AF61F952B72ED79EEA8EA0 /* [CP] Check Pods Manifest.lock */ = {
			isa = PBXShellScriptBuildPhase;
			buildActionMask = 2147483647;
			files = (
			);
			inputPaths = (
				"${PODS_PODFILE_DIR_PATH}/Podfile.lock",
				"${PODS_ROOT}/Manifest.lock",
			);
			name = "[CP] Check Pods Manifest.lock";
			outputPaths = (
				"$(DERIVED_FILE_DIR)/Pods-TopController-checkManifestLockResult.txt",
			);
			runOnlyForDeploymentPostprocessing = 0;
			shellPath = /bin/sh;
			shellScript = "diff \"${PODS_PODFILE_DIR_PATH}/Podfile.lock\" \"${PODS_ROOT}/Manifest.lock\" > /dev/null\nif [ $? != 0 ] ; then\n    # print error to STDERR\n    echo \"error: The sandbox is not in sync with the Podfile.lock. Run 'pod install' or update your CocoaPods installation.\" >&2\n    exit 1\nfi\n# This output is used by Xcode 'outputs' to avoid re-running this script phase.\necho \"SUCCESS\" > \"${SCRIPT_OUTPUT_FILE_0}\"\n";
			showEnvVarsInLog = 0;
		};
		8FE4DA402E9F9BC49D438495 /* [CP] Embed Pods Frameworks */ = {
			isa = PBXShellScriptBuildPhase;
			buildActionMask = 2147483647;
			files = (
			);
			inputPaths = (
			);
			name = "[CP] Embed Pods Frameworks";
			outputPaths = (
			);
			runOnlyForDeploymentPostprocessing = 0;
			shellPath = /bin/sh;
			shellScript = "\"${SRCROOT}/Pods/Target Support Files/Pods-TopController/Pods-TopController-frameworks.sh\"\n";
			showEnvVarsInLog = 0;
		};
/* End PBXShellScriptBuildPhase section */

/* Begin PBXSourcesBuildPhase section */
		CE80072D201AFA00000088CC /* Sources */ = {
			isa = PBXSourcesBuildPhase;
			buildActionMask = 2147483647;
			files = (
				777483CD206A905B008B11FA /* NSURLRequest+GYURLRequestProtocol.m in Sources */,
				777483C1206A905B008B11FA /* GYMockResponseDSL.m in Sources */,
				777483CB206A905B008B11FA /* GYMockRequestDSL.m in Sources */,
				777483CC206A905B008B11FA /* GYMockRequest.m in Sources */,
				CEE66BBD206208E300CC761C /* NSString+ConvertToJson.m in Sources */,
				777483C8206A905B008B11FA /* GYNSURLConnectionHook.m in Sources */,
				770DAFE22073B6F500F0EAAB /* DeviceInfos.m in Sources */,
				77D8606B2067D17D005589EE /* ZNavigationController.m in Sources */,
				77645C542065547300AB9E6D /* NSDictionary+NilSafe.m in Sources */,
				CE800739201AFA01000088CC /* ViewController.m in Sources */,
				777483C4206A905B008B11FA /* GYHttpMock.m in Sources */,
				777483C6206A905B008B11FA /* GYMockURLProtocol.m in Sources */,
				CEE66BB72062007E00CC761C /* NSArray+ConvertToJson.m in Sources */,
				77D860682067CCA6005589EE /* ZFullViewController.m in Sources */,
				777483CA206A905B008B11FA /* GYMatcher.m in Sources */,
				CEE66BBA2062057B00CC761C /* NSDictionary+ConvertToString.m in Sources */,
				777483C7206A905B008B11FA /* GYNSURLSessionHook.m in Sources */,
				CE800744201AFA01000088CC /* main.m in Sources */,
				777483C9206A905B008B11FA /* GYHttpClientHook.m in Sources */,
				CE800736201AFA01000088CC /* AppDelegate.m in Sources */,
				777483CE206A905B008B11FA /* NSString+mock.m in Sources */,
				777483C2206A905B008B11FA /* GYMockResponse.m in Sources */,
			);
			runOnlyForDeploymentPostprocessing = 0;
		};
/* End PBXSourcesBuildPhase section */

/* Begin PBXVariantGroup section */
		CE80073A201AFA01000088CC /* Main.storyboard */ = {
			isa = PBXVariantGroup;
			children = (
				CE80073B201AFA01000088CC /* Base */,
			);
			name = Main.storyboard;
			sourceTree = "<group>";
		};
		CE80073F201AFA01000088CC /* LaunchScreen.storyboard */ = {
			isa = PBXVariantGroup;
			children = (
				CE800740201AFA01000088CC /* Base */,
			);
			name = LaunchScreen.storyboard;
			sourceTree = "<group>";
		};
/* End PBXVariantGroup section */

/* Begin XCBuildConfiguration section */
		CE800745201AFA01000088CC /* Debug */ = {
			isa = XCBuildConfiguration;
			buildSettings = {
				ALWAYS_SEARCH_USER_PATHS = NO;
				CLANG_ANALYZER_NONNULL = YES;
				CLANG_ANALYZER_NUMBER_OBJECT_CONVERSION = YES_AGGRESSIVE;
				CLANG_CXX_LANGUAGE_STANDARD = "gnu++14";
				CLANG_CXX_LIBRARY = "libc++";
				CLANG_ENABLE_MODULES = YES;
				CLANG_ENABLE_OBJC_ARC = YES;
				CLANG_WARN_BLOCK_CAPTURE_AUTORELEASING = YES;
				CLANG_WARN_BOOL_CONVERSION = YES;
				CLANG_WARN_COMMA = YES;
				CLANG_WARN_CONSTANT_CONVERSION = YES;
				CLANG_WARN_DIRECT_OBJC_ISA_USAGE = YES_ERROR;
				CLANG_WARN_DOCUMENTATION_COMMENTS = YES;
				CLANG_WARN_EMPTY_BODY = YES;
				CLANG_WARN_ENUM_CONVERSION = YES;
				CLANG_WARN_INFINITE_RECURSION = YES;
				CLANG_WARN_INT_CONVERSION = YES;
				CLANG_WARN_NON_LITERAL_NULL_CONVERSION = YES;
				CLANG_WARN_OBJC_LITERAL_CONVERSION = YES;
				CLANG_WARN_OBJC_ROOT_CLASS = YES_ERROR;
				CLANG_WARN_RANGE_LOOP_ANALYSIS = YES;
				CLANG_WARN_STRICT_PROTOTYPES = YES;
				CLANG_WARN_SUSPICIOUS_MOVE = YES;
				CLANG_WARN_UNGUARDED_AVAILABILITY = YES_AGGRESSIVE;
				CLANG_WARN_UNREACHABLE_CODE = YES;
				CLANG_WARN__DUPLICATE_METHOD_MATCH = YES;
				CODE_SIGN_IDENTITY = "iPhone Developer";
				COPY_PHASE_STRIP = NO;
				DEBUG_INFORMATION_FORMAT = dwarf;
				ENABLE_STRICT_OBJC_MSGSEND = YES;
				ENABLE_TESTABILITY = YES;
				GCC_C_LANGUAGE_STANDARD = gnu11;
				GCC_DYNAMIC_NO_PIC = NO;
				GCC_NO_COMMON_BLOCKS = YES;
				GCC_OPTIMIZATION_LEVEL = 0;
				GCC_PREPROCESSOR_DEFINITIONS = (
					"DEBUG=1",
					"$(inherited)",
				);
				GCC_WARN_64_TO_32_BIT_CONVERSION = YES;
				GCC_WARN_ABOUT_RETURN_TYPE = YES_ERROR;
				GCC_WARN_UNDECLARED_SELECTOR = YES;
				GCC_WARN_UNINITIALIZED_AUTOS = YES_AGGRESSIVE;
				GCC_WARN_UNUSED_FUNCTION = YES;
				GCC_WARN_UNUSED_VARIABLE = YES;
				IPHONEOS_DEPLOYMENT_TARGET = 11.2;
				MTL_ENABLE_DEBUG_INFO = YES;
				ONLY_ACTIVE_ARCH = YES;
				SDKROOT = iphoneos;
			};
			name = Debug;
		};
		CE800746201AFA01000088CC /* Release */ = {
			isa = XCBuildConfiguration;
			buildSettings = {
				ALWAYS_SEARCH_USER_PATHS = NO;
				CLANG_ANALYZER_NONNULL = YES;
				CLANG_ANALYZER_NUMBER_OBJECT_CONVERSION = YES_AGGRESSIVE;
				CLANG_CXX_LANGUAGE_STANDARD = "gnu++14";
				CLANG_CXX_LIBRARY = "libc++";
				CLANG_ENABLE_MODULES = YES;
				CLANG_ENABLE_OBJC_ARC = YES;
				CLANG_WARN_BLOCK_CAPTURE_AUTORELEASING = YES;
				CLANG_WARN_BOOL_CONVERSION = YES;
				CLANG_WARN_COMMA = YES;
				CLANG_WARN_CONSTANT_CONVERSION = YES;
				CLANG_WARN_DIRECT_OBJC_ISA_USAGE = YES_ERROR;
				CLANG_WARN_DOCUMENTATION_COMMENTS = YES;
				CLANG_WARN_EMPTY_BODY = YES;
				CLANG_WARN_ENUM_CONVERSION = YES;
				CLANG_WARN_INFINITE_RECURSION = YES;
				CLANG_WARN_INT_CONVERSION = YES;
				CLANG_WARN_NON_LITERAL_NULL_CONVERSION = YES;
				CLANG_WARN_OBJC_LITERAL_CONVERSION = YES;
				CLANG_WARN_OBJC_ROOT_CLASS = YES_ERROR;
				CLANG_WARN_RANGE_LOOP_ANALYSIS = YES;
				CLANG_WARN_STRICT_PROTOTYPES = YES;
				CLANG_WARN_SUSPICIOUS_MOVE = YES;
				CLANG_WARN_UNGUARDED_AVAILABILITY = YES_AGGRESSIVE;
				CLANG_WARN_UNREACHABLE_CODE = YES;
				CLANG_WARN__DUPLICATE_METHOD_MATCH = YES;
				CODE_SIGN_IDENTITY = "iPhone Developer";
				COPY_PHASE_STRIP = NO;
				DEBUG_INFORMATION_FORMAT = "dwarf-with-dsym";
				ENABLE_NS_ASSERTIONS = NO;
				ENABLE_STRICT_OBJC_MSGSEND = YES;
				GCC_C_LANGUAGE_STANDARD = gnu11;
				GCC_NO_COMMON_BLOCKS = YES;
				GCC_WARN_64_TO_32_BIT_CONVERSION = YES;
				GCC_WARN_ABOUT_RETURN_TYPE = YES_ERROR;
				GCC_WARN_UNDECLARED_SELECTOR = YES;
				GCC_WARN_UNINITIALIZED_AUTOS = YES_AGGRESSIVE;
				GCC_WARN_UNUSED_FUNCTION = YES;
				GCC_WARN_UNUSED_VARIABLE = YES;
				IPHONEOS_DEPLOYMENT_TARGET = 11.2;
				MTL_ENABLE_DEBUG_INFO = NO;
				SDKROOT = iphoneos;
				VALIDATE_PRODUCT = YES;
			};
			name = Release;
		};
		CE800748201AFA01000088CC /* Debug */ = {
			isa = XCBuildConfiguration;
			baseConfigurationReference = B108BD2D558DFE4FE00AFFAE /* Pods-TopController.debug.xcconfig */;
			buildSettings = {
				ASSETCATALOG_COMPILER_APPICON_NAME = AppIcon;
				CODE_SIGN_STYLE = Automatic;
				DEVELOPMENT_TEAM = 9V3T8NLWMK;
				INFOPLIST_FILE = TopController/Info.plist;
				LD_RUNPATH_SEARCH_PATHS = "$(inherited) @executable_path/Frameworks";
				PRODUCT_BUNDLE_IDENTIFIER = com.zhangsan.TopController;
				PRODUCT_NAME = "$(TARGET_NAME)";
				TARGETED_DEVICE_FAMILY = "1,2";
			};
			name = Debug;
		};
		CE800749201AFA01000088CC /* Release */ = {
			isa = XCBuildConfiguration;
			baseConfigurationReference = CE661A01CEE353B247A5BF22 /* Pods-TopController.release.xcconfig */;
			buildSettings = {
				ASSETCATALOG_COMPILER_APPICON_NAME = AppIcon;
				CODE_SIGN_STYLE = Automatic;
				DEVELOPMENT_TEAM = 9V3T8NLWMK;
				INFOPLIST_FILE = TopController/Info.plist;
				LD_RUNPATH_SEARCH_PATHS = "$(inherited) @executable_path/Frameworks";
				PRODUCT_BUNDLE_IDENTIFIER = com.zhangsan.TopController;
				PRODUCT_NAME = "$(TARGET_NAME)";
				TARGETED_DEVICE_FAMILY = "1,2";
			};
			name = Release;
		};
/* End XCBuildConfiguration section */

/* Begin XCConfigurationList section */
		CE80072C201AFA00000088CC /* Build configuration list for PBXProject "TopController" */ = {
			isa = XCConfigurationList;
			buildConfigurations = (
				CE800745201AFA01000088CC /* Debug */,
				CE800746201AFA01000088CC /* Release */,
			);
			defaultConfigurationIsVisible = 0;
			defaultConfigurationName = Release;
		};
		CE800747201AFA01000088CC /* Build configuration list for PBXNativeTarget "TopController" */ = {
			isa = XCConfigurationList;
			buildConfigurations = (
				CE800748201AFA01000088CC /* Debug */,
				CE800749201AFA01000088CC /* Release */,
			);
			defaultConfigurationIsVisible = 0;
			defaultConfigurationName = Release;
		};
/* End XCConfigurationList section */
	};
	rootObject = CE800729201AFA00000088CC /* Project object */;
}
